
Microsoft Visual Studio Solution File, Format Version 12.00
# Visual Studio Version 17
VisualStudioVersion = 17.9.34701.34
MinimumVisualStudioVersion = 10.0.40219.1
Project("{FAE04EC0-301F-11D3-BF4B-00C04F79EFBC}") = "TestASP", "TestASP\TestASP.csproj", "{BD9DFFD4-F780-4AB3-8968-71DBE3BBFBFE}"
EndProject
Global
	GlobalSection(SolutionConfigurationPlatforms) = preSolution
		Debug|Any CPU = Debug|Any CPU
		Release|Any CPU = Release|Any CPU
	EndGlobalSection
	GlobalSection(ProjectConfigurationPlatforms) = postSolution
		{BD9DFFD4-F780-4AB3-8968-71DBE3BBFBFE}.Debug|Any CPU.ActiveCfg = Debug|Any CPU
		{BD9DFFD4-F780-4AB3-8968-71DBE3BBFBFE}.Debug|Any CPU.Build.0 = Debug|Any CPU
		{BD9DFFD4-F780-4AB3-8968-71DBE3BBFBFE}.Release|Any CPU.ActiveCfg = Release|Any CPU
		{BD9DFFD4-F780-4AB3-8968-71DBE3BBFBFE}.Release|Any CPU.Build.0 = Release|Any CPU
	EndGlobalSection
	GlobalSection(SolutionProperties) = preSolution
		HideSolutionNode = FALSE
	EndGlobalSection
	GlobalSection(ExtensibilityGlobals) = postSolution
		SolutionGuid = {00BCF1E9-63DD-4FCF-A4C0-049DAB373985}
	EndGlobalSection
EndGlobal
